
Microsoft Visual Studio Solution File, Format Version 12.00
# Visual Studio Version 17
VisualStudioVersion = 17.4.33103.184
MinimumVisualStudioVersion = 10.0.40219.1
Project("{FAE04EC0-301F-11D3-BF4B-00C04F79EFBC}") = "ListDemoCSharp11", "ListDemoCSharp11.csproj", "{83DE90C6-2F2D-4C8D-8864-66483F0EC5AF}"
EndProject
Global
	GlobalSection(SolutionConfigurationPlatforms) = preSolution
		Debug|Any CPU = Debug|Any CPU
		Release|Any CPU = Release|Any CPU
	EndGlobalSection
	GlobalSection(ProjectConfigurationPlatforms) = postSolution
		{83DE90C6-2F2D-4C8D-8864-66483F0EC5AF}.Debug|Any CPU.ActiveCfg = Debug|Any CPU
		{83DE90C6-2F2D-4C8D-8864-66483F0EC5AF}.Debug|Any CPU.Build.0 = Debug|Any CPU
		{83DE90C6-2F2D-4C8D-8864-66483F0EC5AF}.Release|Any CPU.ActiveCfg = Release|Any CPU
		{83DE90C6-2F2D-4C8D-8864-66483F0EC5AF}.Release|Any CPU.Build.0 = Release|Any CPU
	EndGlobalSection
	GlobalSection(SolutionProperties) = preSolution
		HideSolutionNode = FALSE
	EndGlobalSection
	GlobalSection(ExtensibilityGlobals) = postSolution
		SolutionGuid = {FE0923FD-57EB-4B94-93FA-B3E1B9707225}
	EndGlobalSection
EndGlobal
